
Microsoft Visual Studio Solution File, Format Version 12.00
# Visual Studio Version 17
VisualStudioVersion = 17.0.31903.59
MinimumVisualStudioVersion = 10.0.40219.1
Project("{9A19103F-16F7-4668-BE54-9A1E7A4F7556}") = "catalog-spec", "catalog-spec\catalog-spec.csproj", "{55AADBAB-68B0-4B86-AD74-E308ECE3C898}"
EndProject
Project("{2150E333-8FDC-42A3-9474-1A3956D46DE8}") = "Solution Items", "Solution Items", "{19B21BA0-EC37-4E00-AE2A-E42A6FBB79AF}"
	ProjectSection(SolutionItems) = preProject
		.gitignore = .gitignore
	EndProjectSection
EndProject
Project("{9A19103F-16F7-4668-BE54-9A1E7A4F7556}") = "catalog", "catalog\catalog.csproj", "{8FAAE4A1-1648-4FA5-895F-76FAB7C4A1BD}"
EndProject
Project("{9A19103F-16F7-4668-BE54-9A1E7A4F7556}") = "api-spec", "api-spec\api-spec.csproj", "{A66703E5-F517-43C5-80ED-63A6E2808A90}"
EndProject
Project("{9A19103F-16F7-4668-BE54-9A1E7A4F7556}") = "api", "api\api.csproj", "{6626AC02-59AE-48E6-80F3-CC06ABDB2BCC}"
EndProject
Project("{9A19103F-16F7-4668-BE54-9A1E7A4F7556}") = "app-services", "app-services\app-services.csproj", "{D38DA935-444F-4628-B44F-019AFB96CA2F}"
EndProject
Project("{9A19103F-16F7-4668-BE54-9A1E7A4F7556}") = "catalog-infrastructure-read", "catalog-infrastructure-read\catalog-infrastructure-read.csproj", "{34A3BFAE-C506-4216-90E1-0FDC28F0B1FB}"
EndProject
Project("{9A19103F-16F7-4668-BE54-9A1E7A4F7556}") = "catalog-infrastructure-write", "catalog-infrastructure-write\catalog-infrastructure-write.csproj", "{38CEA1A3-437F-4F4A-8372-63C266F025E3}"
EndProject
Project("{FAE04EC0-301F-11D3-BF4B-00C04F79EFBC}") = "sales-spec", "sales-spec\sales-spec.csproj", "{138C5BE6-CC9E-4DC9-B8B3-1BA1112341AF}"
EndProject
Project("{FAE04EC0-301F-11D3-BF4B-00C04F79EFBC}") = "sales", "sales\sales.csproj", "{63F8715A-8791-4B94-BAFA-2456EA8088DA}"
EndProject
Project("{FAE04EC0-301F-11D3-BF4B-00C04F79EFBC}") = "sales-infrastructure-read", "sales-infrastructure-read\sales-infrastructure-read.csproj", "{11AA6BA5-27C2-47DC-A950-AD52DBEF283D}"
EndProject
Project("{FAE04EC0-301F-11D3-BF4B-00C04F79EFBC}") = "sales-infrastructure-write", "sales-infrastructure-write\sales-infrastructure-write.csproj", "{065CB470-935D-46D0-B4F1-E414713B34D2}"
EndProject
Project("{FAE04EC0-301F-11D3-BF4B-00C04F79EFBC}") = "infrastructure-write", "infrastructure-write\infrastructure-write.csproj", "{2FE1D1C4-715A-4D88-8011-F9E4EEAC290B}"
EndProject
Global
	GlobalSection(SolutionConfigurationPlatforms) = preSolution
		Debug|Any CPU = Debug|Any CPU
		Release|Any CPU = Release|Any CPU
	EndGlobalSection
	GlobalSection(ProjectConfigurationPlatforms) = postSolution
		{55AADBAB-68B0-4B86-AD74-E308ECE3C898}.Debug|Any CPU.ActiveCfg = Debug|Any CPU
		{55AADBAB-68B0-4B86-AD74-E308ECE3C898}.Debug|Any CPU.Build.0 = Debug|Any CPU
		{55AADBAB-68B0-4B86-AD74-E308ECE3C898}.Release|Any CPU.ActiveCfg = Release|Any CPU
		{55AADBAB-68B0-4B86-AD74-E308ECE3C898}.Release|Any CPU.Build.0 = Release|Any CPU
		{8FAAE4A1-1648-4FA5-895F-76FAB7C4A1BD}.Debug|Any CPU.ActiveCfg = Debug|Any CPU
		{8FAAE4A1-1648-4FA5-895F-76FAB7C4A1BD}.Debug|Any CPU.Build.0 = Debug|Any CPU
		{8FAAE4A1-1648-4FA5-895F-76FAB7C4A1BD}.Release|Any CPU.ActiveCfg = Release|Any CPU
		{8FAAE4A1-1648-4FA5-895F-76FAB7C4A1BD}.Release|Any CPU.Build.0 = Release|Any CPU
		{A66703E5-F517-43C5-80ED-63A6E2808A90}.Debug|Any CPU.ActiveCfg = Debug|Any CPU
		{A66703E5-F517-43C5-80ED-63A6E2808A90}.Debug|Any CPU.Build.0 = Debug|Any CPU
		{A66703E5-F517-43C5-80ED-63A6E2808A90}.Release|Any CPU.ActiveCfg = Release|Any CPU
		{A66703E5-F517-43C5-80ED-63A6E2808A90}.Release|Any CPU.Build.0 = Release|Any CPU
		{6626AC02-59AE-48E6-80F3-CC06ABDB2BCC}.Debug|Any CPU.ActiveCfg = Debug|Any CPU
		{6626AC02-59AE-48E6-80F3-CC06ABDB2BCC}.Debug|Any CPU.Build.0 = Debug|Any CPU
		{6626AC02-59AE-48E6-80F3-CC06ABDB2BCC}.Release|Any CPU.ActiveCfg = Release|Any CPU
		{6626AC02-59AE-48E6-80F3-CC06ABDB2BCC}.Release|Any CPU.Build.0 = Release|Any CPU
		{D38DA935-444F-4628-B44F-019AFB96CA2F}.Debug|Any CPU.ActiveCfg = Debug|Any CPU
		{D38DA935-444F-4628-B44F-019AFB96CA2F}.Debug|Any CPU.Build.0 = Debug|Any CPU
		{D38DA935-444F-4628-B44F-019AFB96CA2F}.Release|Any CPU.ActiveCfg = Release|Any CPU
		{D38DA935-444F-4628-B44F-019AFB96CA2F}.Release|Any CPU.Build.0 = Release|Any CPU
		{34A3BFAE-C506-4216-90E1-0FDC28F0B1FB}.Debug|Any CPU.ActiveCfg = Debug|Any CPU
		{34A3BFAE-C506-4216-90E1-0FDC28F0B1FB}.Debug|Any CPU.Build.0 = Debug|Any CPU
		{34A3BFAE-C506-4216-90E1-0FDC28F0B1FB}.Release|Any CPU.ActiveCfg = Release|Any CPU
		{34A3BFAE-C506-4216-90E1-0FDC28F0B1FB}.Release|Any CPU.Build.0 = Release|Any CPU
		{38CEA1A3-437F-4F4A-8372-63C266F025E3}.Debug|Any CPU.ActiveCfg = Debug|Any CPU
		{38CEA1A3-437F-4F4A-8372-63C266F025E3}.Debug|Any CPU.Build.0 = Debug|Any CPU
		{38CEA1A3-437F-4F4A-8372-63C266F025E3}.Release|Any CPU.ActiveCfg = Release|Any CPU
		{38CEA1A3-437F-4F4A-8372-63C266F025E3}.Release|Any CPU.Build.0 = Release|Any CPU
		{138C5BE6-CC9E-4DC9-B8B3-1BA1112341AF}.Debug|Any CPU.ActiveCfg = Debug|Any CPU
		{138C5BE6-CC9E-4DC9-B8B3-1BA1112341AF}.Debug|Any CPU.Build.0 = Debug|Any CPU
		{138C5BE6-CC9E-4DC9-B8B3-1BA1112341AF}.Release|Any CPU.ActiveCfg = Release|Any CPU
		{138C5BE6-CC9E-4DC9-B8B3-1BA1112341AF}.Release|Any CPU.Build.0 = Release|Any CPU
		{63F8715A-8791-4B94-BAFA-2456EA8088DA}.Debug|Any CPU.ActiveCfg = Debug|Any CPU
		{63F8715A-8791-4B94-BAFA-2456EA8088DA}.Debug|Any CPU.Build.0 = Debug|Any CPU
		{63F8715A-8791-4B94-BAFA-2456EA8088DA}.Release|Any CPU.ActiveCfg = Release|Any CPU
		{63F8715A-8791-4B94-BAFA-2456EA8088DA}.Release|Any CPU.Build.0 = Release|Any CPU
		{11AA6BA5-27C2-47DC-A950-AD52DBEF283D}.Debug|Any CPU.ActiveCfg = Debug|Any CPU
		{11AA6BA5-27C2-47DC-A950-AD52DBEF283D}.Debug|Any CPU.Build.0 = Debug|Any CPU
		{11AA6BA5-27C2-47DC-A950-AD52DBEF283D}.Release|Any CPU.ActiveCfg = Release|Any CPU
		{11AA6BA5-27C2-47DC-A950-AD52DBEF283D}.Release|Any CPU.Build.0 = Release|Any CPU
		{065CB470-935D-46D0-B4F1-E414713B34D2}.Debug|Any CPU.ActiveCfg = Debug|Any CPU
		{065CB470-935D-46D0-B4F1-E414713B34D2}.Debug|Any CPU.Build.0 = Debug|Any CPU
		{065CB470-935D-46D0-B4F1-E414713B34D2}.Release|Any CPU.ActiveCfg = Release|Any CPU
		{065CB470-935D-46D0-B4F1-E414713B34D2}.Release|Any CPU.Build.0 = Release|Any CPU
		{2FE1D1C4-715A-4D88-8011-F9E4EEAC290B}.Debug|Any CPU.ActiveCfg = Debug|Any CPU
		{2FE1D1C4-715A-4D88-8011-F9E4EEAC290B}.Debug|Any CPU.Build.0 = Debug|Any CPU
		{2FE1D1C4-715A-4D88-8011-F9E4EEAC290B}.Release|Any CPU.ActiveCfg = Release|Any CPU
		{2FE1D1C4-715A-4D88-8011-F9E4EEAC290B}.Release|Any CPU.Build.0 = Release|Any CPU
	EndGlobalSection
	GlobalSection(SolutionProperties) = preSolution
		HideSolutionNode = FALSE
	EndGlobalSection
	GlobalSection(ExtensibilityGlobals) = postSolution
		SolutionGuid = {9898A47D-D25E-420C-AC2B-FEA6F1744467}
	EndGlobalSection
EndGlobal
