
Microsoft Visual Studio Solution File, Format Version 12.00
# Visual Studio Version 17
VisualStudioVersion = 17.0.31903.59
MinimumVisualStudioVersion = 10.0.40219.1
Project("{9A19103F-16F7-4668-BE54-9A1E7A4F7556}") = "catalog-spec", "catalog-spec\catalog-spec.csproj", "{55AADBAB-68B0-4B86-AD74-E308ECE3C898}"
EndProject
Project("{2150E333-8FDC-42A3-9474-1A3956D46DE8}") = "Solution Items", "Solution Items", "{19B21BA0-EC37-4E00-AE2A-E42A6FBB79AF}"
	ProjectSection(SolutionItems) = preProject
		.gitignore = .gitignore
	EndProjectSection
EndProject
Project("{FAE04EC0-301F-11D3-BF4B-00C04F79EFBC}") = "catalog", "catalog\catalog.csproj", "{8FAAE4A1-1648-4FA5-895F-76FAB7C4A1BD}"
EndProject
Global
	GlobalSection(SolutionConfigurationPlatforms) = preSolution
		Debug|Any CPU = Debug|Any CPU
		Release|Any CPU = Release|Any CPU
	EndGlobalSection
	GlobalSection(ProjectConfigurationPlatforms) = postSolution
		{55AADBAB-68B0-4B86-AD74-E308ECE3C898}.Debug|Any CPU.ActiveCfg = Debug|Any CPU
		{55AADBAB-68B0-4B86-AD74-E308ECE3C898}.Debug|Any CPU.Build.0 = Debug|Any CPU
		{55AADBAB-68B0-4B86-AD74-E308ECE3C898}.Release|Any CPU.ActiveCfg = Release|Any CPU
		{55AADBAB-68B0-4B86-AD74-E308ECE3C898}.Release|Any CPU.Build.0 = Release|Any CPU
		{8FAAE4A1-1648-4FA5-895F-76FAB7C4A1BD}.Debug|Any CPU.ActiveCfg = Debug|Any CPU
		{8FAAE4A1-1648-4FA5-895F-76FAB7C4A1BD}.Debug|Any CPU.Build.0 = Debug|Any CPU
		{8FAAE4A1-1648-4FA5-895F-76FAB7C4A1BD}.Release|Any CPU.ActiveCfg = Release|Any CPU
		{8FAAE4A1-1648-4FA5-895F-76FAB7C4A1BD}.Release|Any CPU.Build.0 = Release|Any CPU
	EndGlobalSection
	GlobalSection(SolutionProperties) = preSolution
		HideSolutionNode = FALSE
	EndGlobalSection
	GlobalSection(ExtensibilityGlobals) = postSolution
		SolutionGuid = {9898A47D-D25E-420C-AC2B-FEA6F1744467}
	EndGlobalSection
EndGlobal
